
Microsoft Visual Studio Solution File, Format Version 12.00
# Visual Studio Version 17
VisualStudioVersion = 17.8.34525.116
MinimumVisualStudioVersion = 10.0.40219.1
Project("{FAE04EC0-301F-11D3-BF4B-00C04F79EFBC}") = "String", "String.csproj", "{B66D92F8-E479-4ED3-B7D8-CFA29A92DF13}"
EndProject
Global
	GlobalSection(SolutionConfigurationPlatforms) = preSolution
		Debug|Any CPU = Debug|Any CPU
		Release|Any CPU = Release|Any CPU
	EndGlobalSection
	GlobalSection(ProjectConfigurationPlatforms) = postSolution
		{B66D92F8-E479-4ED3-B7D8-CFA29A92DF13}.Debug|Any CPU.ActiveCfg = Debug|Any CPU
		{B66D92F8-E479-4ED3-B7D8-CFA29A92DF13}.Debug|Any CPU.Build.0 = Debug|Any CPU
		{B66D92F8-E479-4ED3-B7D8-CFA29A92DF13}.Release|Any CPU.ActiveCfg = Release|Any CPU
		{B66D92F8-E479-4ED3-B7D8-CFA29A92DF13}.Release|Any CPU.Build.0 = Release|Any CPU
	EndGlobalSection
	GlobalSection(SolutionProperties) = preSolution
		HideSolutionNode = FALSE
	EndGlobalSection
	GlobalSection(ExtensibilityGlobals) = postSolution
		SolutionGuid = {91FF90D1-6E23-4313-951A-218DD6588B15}
	EndGlobalSection
EndGlobal
